// !$*UTF8*$!
{
	archiveVersion = 1;
	classes = {
	};
	objectVersion = 50;
	objects = {

/* Begin PBXBuildFile section */
		066DAC40215A09140026C1F8 /* AppDelegate.m in Sources */ = {isa = PBXBuildFile; fileRef = 066DAC3F215A09140026C1F8 /* AppDelegate.m */; };
		066DAC43215A09140026C1F8 /* EditorViewController.m in Sources */ = {isa = PBXBuildFile; fileRef = 066DAC42215A09140026C1F8 /* EditorViewController.m */; };
		066DAC45215A09160026C1F8 /* Assets.xcassets in Resources */ = {isa = PBXBuildFile; fileRef = 066DAC44215A09160026C1F8 /* Assets.xcassets */; };
		066DAC48215A09160026C1F8 /* Main.storyboard in Resources */ = {isa = PBXBuildFile; fileRef = 066DAC46215A09160026C1F8 /* Main.storyboard */; };
		066DAC4B215A09160026C1F8 /* main.m in Sources */ = {isa = PBXBuildFile; fileRef = 066DAC4A215A09160026C1F8 /* main.m */; };
		066DAC5B215A19370026C1F8 /* test.html in Resources */ = {isa = PBXBuildFile; fileRef = 066DAC5A215A19370026C1F8 /* test.html */; };
		066DAC5E215A1DE40026C1F8 /* WebKit.framework in Frameworks */ = {isa = PBXBuildFile; fileRef = 066DAC5D215A1DE40026C1F8 /* WebKit.framework */; };
		066DAC61215A2F5A0026C1F8 /* JavaScriptCore.framework in Frameworks */ = {isa = PBXBuildFile; fileRef = 066DAC60215A2F5A0026C1F8 /* JavaScriptCore.framework */; };
		066DAC67215A396A0026C1F8 /* base64.js in Resources */ = {isa = PBXBuildFile; fileRef = 066DAC66215A396A0026C1F8 /* base64.js */; };
		066DAC6B215B198B0026C1F8 /* github-markdown.css in Resources */ = {isa = PBXBuildFile; fileRef = 066DAC6A215B198B0026C1F8 /* github-markdown.css */; };
		066DAC6D215B21FF0026C1F8 /* marked.min.js in Resources */ = {isa = PBXBuildFile; fileRef = 066DAC6C215B21FF0026C1F8 /* marked.min.js */; };
/* End PBXBuildFile section */

/* Begin PBXFileReference section */
		066DAC3B215A09140026C1F8 /* ZZMarkdown.app */ = {isa = PBXFileReference; explicitFileType = wrapper.application; includeInIndex = 0; path = ZZMarkdown.app; sourceTree = BUILT_PRODUCTS_DIR; };
		066DAC3E215A09140026C1F8 /* AppDelegate.h */ = {isa = PBXFileReference; lastKnownFileType = sourcecode.c.h; path = AppDelegate.h; sourceTree = "<group>"; };
		066DAC3F215A09140026C1F8 /* AppDelegate.m */ = {isa = PBXFileReference; lastKnownFileType = sourcecode.c.objc; path = AppDelegate.m; sourceTree = "<group>"; };
		066DAC41215A09140026C1F8 /* EditorViewController.h */ = {isa = PBXFileReference; lastKnownFileType = sourcecode.c.h; path = EditorViewController.h; sourceTree = "<group>"; };
		066DAC42215A09140026C1F8 /* EditorViewController.m */ = {isa = PBXFileReference; lastKnownFileType = sourcecode.c.objc; path = EditorViewController.m; sourceTree = "<group>"; };
		066DAC44215A09160026C1F8 /* Assets.xcassets */ = {isa = PBXFileReference; lastKnownFileType = folder.assetcatalog; path = Assets.xcassets; sourceTree = "<group>"; };
		066DAC47215A09160026C1F8 /* Base */ = {isa = PBXFileReference; lastKnownFileType = file.storyboard; name = Base; path = Base.lproj/Main.storyboard; sourceTree = "<group>"; };
		066DAC49215A09160026C1F8 /* Info.plist */ = {isa = PBXFileReference; lastKnownFileType = text.plist.xml; path = Info.plist; sourceTree = "<group>"; };
		066DAC4A215A09160026C1F8 /* main.m */ = {isa = PBXFileReference; lastKnownFileType = sourcecode.c.objc; path = main.m; sourceTree = "<group>"; };
		066DAC5A215A19370026C1F8 /* test.html */ = {isa = PBXFileReference; lastKnownFileType = text.html; path = test.html; sourceTree = "<group>"; };
		066DAC5D215A1DE40026C1F8 /* WebKit.framework */ = {isa = PBXFileReference; lastKnownFileType = wrapper.framework; name = WebKit.framework; path = System/Library/Frameworks/WebKit.framework; sourceTree = SDKROOT; };
		066DAC60215A2F5A0026C1F8 /* JavaScriptCore.framework */ = {isa = PBXFileReference; lastKnownFileType = wrapper.framework; name = JavaScriptCore.framework; path = System/Library/Frameworks/JavaScriptCore.framework; sourceTree = SDKROOT; };
		066DAC66215A396A0026C1F8 /* base64.js */ = {isa = PBXFileReference; fileEncoding = 4; lastKnownFileType = sourcecode.javascript; path = base64.js; sourceTree = "<group>"; };
		066DAC6A215B198B0026C1F8 /* github-markdown.css */ = {isa = PBXFileReference; fileEncoding = 4; lastKnownFileType = text.css; path = "github-markdown.css"; sourceTree = "<group>"; };
		066DAC6C215B21FF0026C1F8 /* marked.min.js */ = {isa = PBXFileReference; fileEncoding = 4; lastKnownFileType = sourcecode.javascript; path = marked.min.js; sourceTree = "<group>"; };
		066DAC6E215B2E260026C1F8 /* ZZMarkdown.entitlements */ = {isa = PBXFileReference; lastKnownFileType = text.plist.entitlements; path = ZZMarkdown.entitlements; sourceTree = "<group>"; };
/* End PBXFileReference section */

/* Begin PBXFrameworksBuildPhase section */
		066DAC38215A09140026C1F8 /* Frameworks */ = {
			isa = PBXFrameworksBuildPhase;
			buildActionMask = 2147483647;
			files = (
				066DAC61215A2F5A0026C1F8 /* JavaScriptCore.framework in Frameworks */,
				066DAC5E215A1DE40026C1F8 /* WebKit.framework in Frameworks */,
			);
			runOnlyForDeploymentPostprocessing = 0;
		};
/* End PBXFrameworksBuildPhase section */

/* Begin PBXGroup section */
		066DAC32215A09140026C1F8 = {
			isa = PBXGroup;
			children = (
				066DAC3D215A09140026C1F8 /* ZZMarkdown */,
				066DAC3C215A09140026C1F8 /* Products */,
				066DAC5C215A1DE40026C1F8 /* Frameworks */,
			);
			sourceTree = "<group>";
		};
		066DAC3C215A09140026C1F8 /* Products */ = {
			isa = PBXGroup;
			children = (
				066DAC3B215A09140026C1F8 /* ZZMarkdown.app */,
			);
			name = Products;
			sourceTree = "<group>";
		};
		066DAC3D215A09140026C1F8 /* ZZMarkdown */ = {
			isa = PBXGroup;
			children = (
				066DAC6E215B2E260026C1F8 /* ZZMarkdown.entitlements */,
				066DAC55215A18B90026C1F8 /* js */,
				066DAC3E215A09140026C1F8 /* AppDelegate.h */,
				066DAC3F215A09140026C1F8 /* AppDelegate.m */,
				066DAC41215A09140026C1F8 /* EditorViewController.h */,
				066DAC42215A09140026C1F8 /* EditorViewController.m */,
				066DAC44215A09160026C1F8 /* Assets.xcassets */,
				066DAC46215A09160026C1F8 /* Main.storyboard */,
				066DAC49215A09160026C1F8 /* Info.plist */,
				066DAC4A215A09160026C1F8 /* main.m */,
			);
			path = ZZMarkdown;
			sourceTree = "<group>";
		};
		066DAC55215A18B90026C1F8 /* js */ = {
			isa = PBXGroup;
			children = (
				066DAC66215A396A0026C1F8 /* base64.js */,
				066DAC6A215B198B0026C1F8 /* github-markdown.css */,
				066DAC6C215B21FF0026C1F8 /* marked.min.js */,
				066DAC5A215A19370026C1F8 /* test.html */,
			);
			path = js;
			sourceTree = "<group>";
		};
		066DAC5C215A1DE40026C1F8 /* Frameworks */ = {
			isa = PBXGroup;
			children = (
				066DAC60215A2F5A0026C1F8 /* JavaScriptCore.framework */,
				066DAC5D215A1DE40026C1F8 /* WebKit.framework */,
			);
			name = Frameworks;
			sourceTree = "<group>";
		};
/* End PBXGroup section */

/* Begin PBXNativeTarget section */
		066DAC3A215A09140026C1F8 /* ZZMarkdown */ = {
			isa = PBXNativeTarget;
			buildConfigurationList = 066DAC4F215A09160026C1F8 /* Build configuration list for PBXNativeTarget "ZZMarkdown" */;
			buildPhases = (
				066DAC37215A09140026C1F8 /* Sources */,
				066DAC38215A09140026C1F8 /* Frameworks */,
				066DAC39215A09140026C1F8 /* Resources */,
			);
			buildRules = (
			);
			dependencies = (
			);
			name = ZZMarkdown;
			productName = "IE-mac";
			productReference = 066DAC3B215A09140026C1F8 /* ZZMarkdown.app */;
			productType = "com.apple.product-type.application";
		};
/* End PBXNativeTarget section */

/* Begin PBXProject section */
		066DAC33215A09140026C1F8 /* Project object */ = {
			isa = PBXProject;
			attributes = {
				LastUpgradeCheck = 0940;
				ORGANIZATIONNAME = Jam;
				TargetAttributes = {
					066DAC3A215A09140026C1F8 = {
						CreatedOnToolsVersion = 9.4.1;
						SystemCapabilities = {
							com.apple.Sandbox = {
								enabled = 1;
							};
						};
					};
				};
			};
			buildConfigurationList = 066DAC36215A09140026C1F8 /* Build configuration list for PBXProject "ZZMarkdown" */;
			compatibilityVersion = "Xcode 9.3";
			developmentRegion = en;
			hasScannedForEncodings = 0;
			knownRegions = (
				en,
				Base,
			);
			mainGroup = 066DAC32215A09140026C1F8;
			productRefGroup = 066DAC3C215A09140026C1F8 /* Products */;
			projectDirPath = "";
			projectRoot = "";
			targets = (
				066DAC3A215A09140026C1F8 /* ZZMarkdown */,
			);
		};
/* End PBXProject section */

/* Begin PBXResourcesBuildPhase section */
		066DAC39215A09140026C1F8 /* Resources */ = {
			isa = PBXResourcesBuildPhase;
			buildActionMask = 2147483647;
			files = (
				066DAC67215A396A0026C1F8 /* base64.js in Resources */,
				066DAC45215A09160026C1F8 /* Assets.xcassets in Resources */,
				066DAC6D215B21FF0026C1F8 /* marked.min.js in Resources */,
				066DAC48215A09160026C1F8 /* Main.storyboard in Resources */,
				066DAC5B215A19370026C1F8 /* test.html in Resources */,
				066DAC6B215B198B0026C1F8 /* github-markdown.css in Resources */,
			);
			runOnlyForDeploymentPostprocessing = 0;
		};
/* End PBXResourcesBuildPhase section */

/* Begin PBXSourcesBuildPhase section */
		066DAC37215A09140026C1F8 /* Sources */ = {
			isa = PBXSourcesBuildPhase;
			buildActionMask = 2147483647;
			files = (
				066DAC43215A09140026C1F8 /* EditorViewController.m in Sources */,
				066DAC4B215A09160026C1F8 /* main.m in Sources */,
				066DAC40215A09140026C1F8 /* AppDelegate.m in Sources */,
			);
			runOnlyForDeploymentPostprocessing = 0;
		};
/* End PBXSourcesBuildPhase section */

/* Begin PBXVariantGroup section */
		066DAC46215A09160026C1F8 /* Main.storyboard */ = {
			isa = PBXVariantGroup;
			children = (
				066DAC47215A09160026C1F8 /* Base */,
			);
			name = Main.storyboard;
			sourceTree = "<group>";
		};
/* End PBXVariantGroup section */

/* Begin XCBuildConfiguration section */
		066DAC4D215A09160026C1F8 /* Debug */ = {
			isa = XCBuildConfiguration;
			buildSettings = {
				ALWAYS_SEARCH_USER_PATHS = NO;
				CLANG_ANALYZER_NONNULL = YES;
				CLANG_ANALYZER_NUMBER_OBJECT_CONVERSION = YES_AGGRESSIVE;
				CLANG_CXX_LANGUAGE_STANDARD = "gnu++14";
				CLANG_CXX_LIBRARY = "libc++";
				CLANG_ENABLE_MODULES = YES;
				CLANG_ENABLE_OBJC_ARC = YES;
				CLANG_ENABLE_OBJC_WEAK = YES;
				CLANG_WARN_BLOCK_CAPTURE_AUTORELEASING = YES;
				CLANG_WARN_BOOL_CONVERSION = YES;
				CLANG_WARN_COMMA = YES;
				CLANG_WARN_CONSTANT_CONVERSION = YES;
				CLANG_WARN_DEPRECATED_OBJC_IMPLEMENTATIONS = YES;
				CLANG_WARN_DIRECT_OBJC_ISA_USAGE = YES_ERROR;
				CLANG_WARN_DOCUMENTATION_COMMENTS = YES;
				CLANG_WARN_EMPTY_BODY = YES;
				CLANG_WARN_ENUM_CONVERSION = YES;
				CLANG_WARN_INFINITE_RECURSION = YES;
				CLANG_WARN_INT_CONVERSION = YES;
				CLANG_WARN_NON_LITERAL_NULL_CONVERSION = YES;
				CLANG_WARN_OBJC_IMPLICIT_RETAIN_SELF = YES;
				CLANG_WARN_OBJC_LITERAL_CONVERSION = YES;
				CLANG_WARN_OBJC_ROOT_CLASS = YES_ERROR;
				CLANG_WARN_RANGE_LOOP_ANALYSIS = YES;
				CLANG_WARN_STRICT_PROTOTYPES = YES;
				CLANG_WARN_SUSPICIOUS_MOVE = YES;
				CLANG_WARN_UNGUARDED_AVAILABILITY = YES_AGGRESSIVE;
				CLANG_WARN_UNREACHABLE_CODE = YES;
				CLANG_WARN__DUPLICATE_METHOD_MATCH = YES;
				CODE_SIGN_IDENTITY = "-";
				COPY_PHASE_STRIP = NO;
				DEBUG_INFORMATION_FORMAT = dwarf;
				ENABLE_STRICT_OBJC_MSGSEND = YES;
				ENABLE_TESTABILITY = YES;
				GCC_C_LANGUAGE_STANDARD = gnu11;
				GCC_DYNAMIC_NO_PIC = NO;
				GCC_NO_COMMON_BLOCKS = YES;
				GCC_OPTIMIZATION_LEVEL = 0;
				GCC_PREPROCESSOR_DEFINITIONS = (
					"DEBUG=1",
					"$(inherited)",
				);
				GCC_WARN_64_TO_32_BIT_CONVERSION = YES;
				GCC_WARN_ABOUT_RETURN_TYPE = YES_ERROR;
				GCC_WARN_UNDECLARED_SELECTOR = YES;
				GCC_WARN_UNINITIALIZED_AUTOS = YES_AGGRESSIVE;
				GCC_WARN_UNUSED_FUNCTION = YES;
				GCC_WARN_UNUSED_VARIABLE = YES;
				MACOSX_DEPLOYMENT_TARGET = 10.13;
				MTL_ENABLE_DEBUG_INFO = YES;
				ONLY_ACTIVE_ARCH = YES;
				SDKROOT = macosx;
			};
			name = Debug;
		};
		066DAC4E215A09160026C1F8 /* Release */ = {
			isa = XCBuildConfiguration;
			buildSettings = {
				ALWAYS_SEARCH_USER_PATHS = NO;
				CLANG_ANALYZER_NONNULL = YES;
				CLANG_ANALYZER_NUMBER_OBJECT_CONVERSION = YES_AGGRESSIVE;
				CLANG_CXX_LANGUAGE_STANDARD = "gnu++14";
				CLANG_CXX_LIBRARY = "libc++";
				CLANG_ENABLE_MODULES = YES;
				CLANG_ENABLE_OBJC_ARC = YES;
				CLANG_ENABLE_OBJC_WEAK = YES;
				CLANG_WARN_BLOCK_CAPTURE_AUTORELEASING = YES;
				CLANG_WARN_BOOL_CONVERSION = YES;
				CLANG_WARN_COMMA = YES;
				CLANG_WARN_CONSTANT_CONVERSION = YES;
				CLANG_WARN_DEPRECATED_OBJC_IMPLEMENTATIONS = YES;
				CLANG_WARN_DIRECT_OBJC_ISA_USAGE = YES_ERROR;
				CLANG_WARN_DOCUMENTATION_COMMENTS = YES;
				CLANG_WARN_EMPTY_BODY = YES;
				CLANG_WARN_ENUM_CONVERSION = YES;
				CLANG_WARN_INFINITE_RECURSION = YES;
				CLANG_WARN_INT_CONVERSION = YES;
				CLANG_WARN_NON_LITERAL_NULL_CONVERSION = YES;
				CLANG_WARN_OBJC_IMPLICIT_RETAIN_SELF = YES;
				CLANG_WARN_OBJC_LITERAL_CONVERSION = YES;
				CLANG_WARN_OBJC_ROOT_CLASS = YES_ERROR;
				CLANG_WARN_RANGE_LOOP_ANALYSIS = YES;
				CLANG_WARN_STRICT_PROTOTYPES = YES;
				CLANG_WARN_SUSPICIOUS_MOVE = YES;
				CLANG_WARN_UNGUARDED_AVAILABILITY = YES_AGGRESSIVE;
				CLANG_WARN_UNREACHABLE_CODE = YES;
				CLANG_WARN__DUPLICATE_METHOD_MATCH = YES;
				CODE_SIGN_IDENTITY = "-";
				COPY_PHASE_STRIP = NO;
				DEBUG_INFORMATION_FORMAT = "dwarf-with-dsym";
				ENABLE_NS_ASSERTIONS = NO;
				ENABLE_STRICT_OBJC_MSGSEND = YES;
				GCC_C_LANGUAGE_STANDARD = gnu11;
				GCC_NO_COMMON_BLOCKS = YES;
				GCC_WARN_64_TO_32_BIT_CONVERSION = YES;
				GCC_WARN_ABOUT_RETURN_TYPE = YES_ERROR;
				GCC_WARN_UNDECLARED_SELECTOR = YES;
				GCC_WARN_UNINITIALIZED_AUTOS = YES_AGGRESSIVE;
				GCC_WARN_UNUSED_FUNCTION = YES;
				GCC_WARN_UNUSED_VARIABLE = YES;
				MACOSX_DEPLOYMENT_TARGET = 10.13;
				MTL_ENABLE_DEBUG_INFO = NO;
				SDKROOT = macosx;
			};
			name = Release;
		};
		066DAC50215A09160026C1F8 /* Debug */ = {
			isa = XCBuildConfiguration;
			buildSettings = {
				ASSETCATALOG_COMPILER_APPICON_NAME = AppIcon;
				CODE_SIGN_ENTITLEMENTS = ZZMarkdown/ZZMarkdown.entitlements;
				CODE_SIGN_STYLE = Automatic;
				COMBINE_HIDPI_IMAGES = YES;
				INFOPLIST_FILE = "$(SRCROOT)/ZZMarkdown/Info.plist";
				LD_RUNPATH_SEARCH_PATHS = (
					"$(inherited)",
					"@executable_path/../Frameworks",
				);
				PRODUCT_BUNDLE_IDENTIFIER = com.jamStudio.markdown;
				PRODUCT_NAME = "$(TARGET_NAME)";
			};
			name = Debug;
		};
		066DAC51215A09160026C1F8 /* Release */ = {
			isa = XCBuildConfiguration;
			buildSettings = {
				ASSETCATALOG_COMPILER_APPICON_NAME = AppIcon;
				CODE_SIGN_ENTITLEMENTS = ZZMarkdown/ZZMarkdown.entitlements;
				CODE_SIGN_STYLE = Automatic;
				COMBINE_HIDPI_IMAGES = YES;
				INFOPLIST_FILE = "$(SRCROOT)/ZZMarkdown/Info.plist";
				LD_RUNPATH_SEARCH_PATHS = (
					"$(inherited)",
					"@executable_path/../Frameworks",
				);
				PRODUCT_BUNDLE_IDENTIFIER = com.jamStudio.markdown;
				PRODUCT_NAME = "$(TARGET_NAME)";
			};
			name = Release;
		};
/* End XCBuildConfiguration section */

/* Begin XCConfigurationList section */
		066DAC36215A09140026C1F8 /* Build configuration list for PBXProject "ZZMarkdown" */ = {
			isa = XCConfigurationList;
			buildConfigurations = (
				066DAC4D215A09160026C1F8 /* Debug */,
				066DAC4E215A09160026C1F8 /* Release */,
			);
			defaultConfigurationIsVisible = 0;
			defaultConfigurationName = Release;
		};
		066DAC4F215A09160026C1F8 /* Build configuration list for PBXNativeTarget "ZZMarkdown" */ = {
			isa = XCConfigurationList;
			buildConfigurations = (
				066DAC50215A09160026C1F8 /* Debug */,
				066DAC51215A09160026C1F8 /* Release */,
			);
			defaultConfigurationIsVisible = 0;
			defaultConfigurationName = Release;
		};
/* End XCConfigurationList section */
	};
	rootObject = 066DAC33215A09140026C1F8 /* Project object */;
}
